
Microsoft Visual Studio Solution File, Format Version 12.00
# Visual Studio 15
VisualStudioVersion = 15.0.27130.2024
MinimumVisualStudioVersion = 10.0.40219.1
Project("{FAE04EC0-301F-11D3-BF4B-00C04F79EFBC}") = "crcCalc", "crcCalc\crcCalc.csproj", "{726DF3E3-4B80-4932-B850-F80BD7059BA0}"
EndProject
Project("{FAE04EC0-301F-11D3-BF4B-00C04F79EFBC}") = "LibCRC", "LibCRC\LibCRC.csproj", "{AEB1AE61-CD26-4B78-B5C8-421F22097BAB}"
EndProject
Project("{FAE04EC0-301F-11D3-BF4B-00C04F79EFBC}") = "CtlCrcCalc", "CtlCrcCalc\CtlCrcCalc.csproj", "{81889E73-A2EA-4CDE-AF63-905082180313}"
EndProject
Global
	GlobalSection(SolutionConfigurationPlatforms) = preSolution
		Debug|Any CPU = Debug|Any CPU
		Debug|x86 = Debug|x86
		Release|Any CPU = Release|Any CPU
		Release|x86 = Release|x86
	EndGlobalSection
	GlobalSection(ProjectConfigurationPlatforms) = postSolution
		{726DF3E3-4B80-4932-B850-F80BD7059BA0}.Debug|Any CPU.ActiveCfg = Debug|x86
		{726DF3E3-4B80-4932-B850-F80BD7059BA0}.Debug|x86.ActiveCfg = Debug|x86
		{726DF3E3-4B80-4932-B850-F80BD7059BA0}.Debug|x86.Build.0 = Debug|x86
		{726DF3E3-4B80-4932-B850-F80BD7059BA0}.Release|Any CPU.ActiveCfg = Release|x86
		{726DF3E3-4B80-4932-B850-F80BD7059BA0}.Release|x86.ActiveCfg = Release|x86
		{726DF3E3-4B80-4932-B850-F80BD7059BA0}.Release|x86.Build.0 = Release|x86
		{AEB1AE61-CD26-4B78-B5C8-421F22097BAB}.Debug|Any CPU.ActiveCfg = Debug|Any CPU
		{AEB1AE61-CD26-4B78-B5C8-421F22097BAB}.Debug|Any CPU.Build.0 = Debug|Any CPU
		{AEB1AE61-CD26-4B78-B5C8-421F22097BAB}.Debug|x86.ActiveCfg = Debug|Any CPU
		{AEB1AE61-CD26-4B78-B5C8-421F22097BAB}.Debug|x86.Build.0 = Debug|Any CPU
		{AEB1AE61-CD26-4B78-B5C8-421F22097BAB}.Release|Any CPU.ActiveCfg = Release|Any CPU
		{AEB1AE61-CD26-4B78-B5C8-421F22097BAB}.Release|Any CPU.Build.0 = Release|Any CPU
		{AEB1AE61-CD26-4B78-B5C8-421F22097BAB}.Release|x86.ActiveCfg = Release|Any CPU
		{AEB1AE61-CD26-4B78-B5C8-421F22097BAB}.Release|x86.Build.0 = Release|Any CPU
		{81889E73-A2EA-4CDE-AF63-905082180313}.Debug|Any CPU.ActiveCfg = Debug|Any CPU
		{81889E73-A2EA-4CDE-AF63-905082180313}.Debug|Any CPU.Build.0 = Debug|Any CPU
		{81889E73-A2EA-4CDE-AF63-905082180313}.Debug|x86.ActiveCfg = Debug|Any CPU
		{81889E73-A2EA-4CDE-AF63-905082180313}.Debug|x86.Build.0 = Debug|Any CPU
		{81889E73-A2EA-4CDE-AF63-905082180313}.Release|Any CPU.ActiveCfg = Release|Any CPU
		{81889E73-A2EA-4CDE-AF63-905082180313}.Release|Any CPU.Build.0 = Release|Any CPU
		{81889E73-A2EA-4CDE-AF63-905082180313}.Release|x86.ActiveCfg = Release|Any CPU
		{81889E73-A2EA-4CDE-AF63-905082180313}.Release|x86.Build.0 = Release|Any CPU
	EndGlobalSection
	GlobalSection(SolutionProperties) = preSolution
		HideSolutionNode = FALSE
	EndGlobalSection
	GlobalSection(ExtensibilityGlobals) = postSolution
		SolutionGuid = {7B58F44E-D0E7-49B1-9592-2BB1C0BB24CF}
	EndGlobalSection
EndGlobal
